# THIS IS AN AUTOGENERATED FILE. DO NOT EDIT THIS FILE DIRECTLY.
# yarn lockfile v1


"@types/lodash@^4.14.91":
  version "4.14.91"
  resolved "https://registry.yarnpkg.com/@types/lodash/-/lodash-4.14.91.tgz#794611b28056d16b5436059c6d800b39d573cd3a"

"@types/node@*":
  version "8.5.2"
  resolved "https://registry.yarnpkg.com/@types/node/-/node-8.5.2.tgz#83b8103fa9a2c2e83d78f701a9aa7c9539739aa5"

"@types/pixi.js@^4.6.2":
  version "4.6.2"
  resolved "https://registry.yarnpkg.com/@types/pixi.js/-/pixi.js-4.6.2.tgz#218baff94c2d5235bafbb24aed26550074821f12"

"@types/socket.io-client@^1.4.32":
  version "1.4.32"
  resolved "https://registry.yarnpkg.com/@types/socket.io-client/-/socket.io-client-1.4.32.tgz#988a65a0386c274b1c22a55377fab6a30789ac14"

"@types/socket.io@^1.4.31":
  version "1.4.31"
  resolved "https://registry.yarnpkg.com/@types/socket.io/-/socket.io-1.4.31.tgz#7a928518a35516fccd90431f94538ed3fddaba19"
  dependencies:
    "@types/node" "*"

bit-twiddle@^1.0.2:
  version "1.0.2"
  resolved "https://registry.yarnpkg.com/bit-twiddle/-/bit-twiddle-1.0.2.tgz#0c6c1fabe2b23d17173d9a61b7b7093eb9e1769e"

earcut@^2.0.7:
  version "2.1.2"
  resolved "https://registry.yarnpkg.com/earcut/-/earcut-2.1.2.tgz#542add0ca3a7b713452720e1d053937d3daf3784"

eventemitter3@^2.0.0:
  version "2.0.3"
  resolved "https://registry.yarnpkg.com/eventemitter3/-/eventemitter3-2.0.3.tgz#b5e1079b59fb5e1ba2771c0a993be060a58c99ba"

ismobilejs@^0.4.0:
  version "0.4.1"
  resolved "https://registry.yarnpkg.com/ismobilejs/-/ismobilejs-0.4.1.tgz#1a5f126c70fed39c93da380fa62cbae5723e7dc2"

lodash@^4.17.4:
  version "4.17.4"
  resolved "https://registry.yarnpkg.com/lodash/-/lodash-4.17.4.tgz#78203a4d1c328ae1d86dca6460e369b57f4055ae"

mini-signals@^1.1.1:
  version "1.2.0"
  resolved "https://registry.yarnpkg.com/mini-signals/-/mini-signals-1.2.0.tgz#45b08013c5fae51a24aa1a935cd317c9ed721d74"

object-assign@^4.0.1:
  version "4.1.1"
  resolved "https://registry.yarnpkg.com/object-assign/-/object-assign-4.1.1.tgz#2109adc7965887cfc05cbbd442cac8bfbb360863"

parse-uri@^1.0.0:
  version "1.0.0"
  resolved "https://registry.yarnpkg.com/parse-uri/-/parse-uri-1.0.0.tgz#2872dcc22f1a797acde1583d8a0ac29552ddac20"

pixi-gl-core@^1.1.4:
  version "1.1.4"
  resolved "https://registry.yarnpkg.com/pixi-gl-core/-/pixi-gl-core-1.1.4.tgz#8b4b5c433b31e419bc379dc565ce1b835a91b372"

pixi.js@^4.6.2:
  version "4.6.2"
  resolved "https://registry.yarnpkg.com/pixi.js/-/pixi.js-4.6.2.tgz#f13c87b567ca4c8ada3c1a9a0bd3639417b9ecf7"
  dependencies:
    bit-twiddle "^1.0.2"
    earcut "^2.0.7"
    eventemitter3 "^2.0.0"
    ismobilejs "^0.4.0"
    object-assign "^4.0.1"
    pixi-gl-core "^1.1.4"
    remove-array-items "^1.0.0"
    resource-loader "^2.0.9"

remove-array-items@^1.0.0:
  version "1.0.0"
  resolved "https://registry.yarnpkg.com/remove-array-items/-/remove-array-items-1.0.0.tgz#07bf42cb332f4cf6e85ead83b5e4e896d2326b21"

requirejs@^2.3.5:
  version "2.3.5"
  resolved "https://registry.yarnpkg.com/requirejs/-/requirejs-2.3.5.tgz#617b9acbbcb336540ef4914d790323a8d4b861b0"

resource-loader@^2.0.9:
  version "2.0.9"
  resolved "https://registry.yarnpkg.com/resource-loader/-/resource-loader-2.0.9.tgz#65d3b50a982e48260bacf835284e1a72d978806d"
  dependencies:
    mini-signals "^1.1.1"
    parse-uri "^1.0.0"
